// !$*UTF8*$!
{
	archiveVersion = 1;
	classes = {
	};
	objectVersion = 55;
	objects = {

/* Begin PBXBuildFile section */
		BD66C49A2891A91D000F68E9 /* AppDelegate.swift in Sources */ = {isa = PBXBuildFile; fileRef = BD66C4992891A91D000F68E9 /* AppDelegate.swift */; };
		BD66C49C2891A91D000F68E9 /* SceneDelegate.swift in Sources */ = {isa = PBXBuildFile; fileRef = BD66C49B2891A91D000F68E9 /* SceneDelegate.swift */; };
		BD66C49E2891A91D000F68E9 /* ViewController.swift in Sources */ = {isa = PBXBuildFile; fileRef = BD66C49D2891A91D000F68E9 /* ViewController.swift */; };
		BD66C4A12891A91D000F68E9 /* Main.storyboard in Resources */ = {isa = PBXBuildFile; fileRef = BD66C49F2891A91D000F68E9 /* Main.storyboard */; };
		BD66C4A42891A91D000F68E9 /* Actions_Outlets.xcdatamodeld in Sources */ = {isa = PBXBuildFile; fileRef = BD66C4A22891A91D000F68E9 /* Actions_Outlets.xcdatamodeld */; };
		BD66C4A62891A91E000F68E9 /* Assets.xcassets in Resources */ = {isa = PBXBuildFile; fileRef = BD66C4A52891A91E000F68E9 /* Assets.xcassets */; };
		BD66C4A92891A91E000F68E9 /* LaunchScreen.storyboard in Resources */ = {isa = PBXBuildFile; fileRef = BD66C4A72891A91E000F68E9 /* LaunchScreen.storyboard */; };
		BD66C4B42891A91E000F68E9 /* Actions_OutletsTests.swift in Sources */ = {isa = PBXBuildFile; fileRef = BD66C4B32891A91E000F68E9 /* Actions_OutletsTests.swift */; };
		BD66C4BE2891A91E000F68E9 /* Actions_OutletsUITests.swift in Sources */ = {isa = PBXBuildFile; fileRef = BD66C4BD2891A91E000F68E9 /* Actions_OutletsUITests.swift */; };
		BD66C4C02891A91E000F68E9 /* Actions_OutletsUITestsLaunchTests.swift in Sources */ = {isa = PBXBuildFile; fileRef = BD66C4BF2891A91E000F68E9 /* Actions_OutletsUITestsLaunchTests.swift */; };
/* End PBXBuildFile section */

/* Begin PBXContainerItemProxy section */
		BD66C4B02891A91E000F68E9 /* PBXContainerItemProxy */ = {
			isa = PBXContainerItemProxy;
			containerPortal = BD66C48E2891A91D000F68E9 /* Project object */;
			proxyType = 1;
			remoteGlobalIDString = BD66C4952891A91D000F68E9;
			remoteInfo = "Actions&Outlets";
		};
		BD66C4BA2891A91E000F68E9 /* PBXContainerItemProxy */ = {
			isa = PBXContainerItemProxy;
			containerPortal = BD66C48E2891A91D000F68E9 /* Project object */;
			proxyType = 1;
			remoteGlobalIDString = BD66C4952891A91D000F68E9;
			remoteInfo = "Actions&Outlets";
		};
/* End PBXContainerItemProxy section */

/* Begin PBXFileReference section */
		BD66C4962891A91D000F68E9 /* Actions&Outlets.app */ = {isa = PBXFileReference; explicitFileType = wrapper.application; includeInIndex = 0; path = "Actions&Outlets.app"; sourceTree = BUILT_PRODUCTS_DIR; };
		BD66C4992891A91D000F68E9 /* AppDelegate.swift */ = {isa = PBXFileReference; lastKnownFileType = sourcecode.swift; path = AppDelegate.swift; sourceTree = "<group>"; };
		BD66C49B2891A91D000F68E9 /* SceneDelegate.swift */ = {isa = PBXFileReference; lastKnownFileType = sourcecode.swift; path = SceneDelegate.swift; sourceTree = "<group>"; };
		BD66C49D2891A91D000F68E9 /* ViewController.swift */ = {isa = PBXFileReference; lastKnownFileType = sourcecode.swift; path = ViewController.swift; sourceTree = "<group>"; };
		BD66C4A02891A91D000F68E9 /* Base */ = {isa = PBXFileReference; lastKnownFileType = file.storyboard; name = Base; path = Base.lproj/Main.storyboard; sourceTree = "<group>"; };
		BD66C4A32891A91D000F68E9 /* Actions_Outlets.xcdatamodel */ = {isa = PBXFileReference; lastKnownFileType = wrapper.xcdatamodel; path = Actions_Outlets.xcdatamodel; sourceTree = "<group>"; };
		BD66C4A52891A91E000F68E9 /* Assets.xcassets */ = {isa = PBXFileReference; lastKnownFileType = folder.assetcatalog; path = Assets.xcassets; sourceTree = "<group>"; };
		BD66C4A82891A91E000F68E9 /* Base */ = {isa = PBXFileReference; lastKnownFileType = file.storyboard; name = Base; path = Base.lproj/LaunchScreen.storyboard; sourceTree = "<group>"; };
		BD66C4AA2891A91E000F68E9 /* Info.plist */ = {isa = PBXFileReference; lastKnownFileType = text.plist.xml; path = Info.plist; sourceTree = "<group>"; };
		BD66C4AF2891A91E000F68E9 /* Actions&OutletsTests.xctest */ = {isa = PBXFileReference; explicitFileType = wrapper.cfbundle; includeInIndex = 0; path = "Actions&OutletsTests.xctest"; sourceTree = BUILT_PRODUCTS_DIR; };
		BD66C4B32891A91E000F68E9 /* Actions_OutletsTests.swift */ = {isa = PBXFileReference; lastKnownFileType = sourcecode.swift; path = Actions_OutletsTests.swift; sourceTree = "<group>"; };
		BD66C4B92891A91E000F68E9 /* Actions&OutletsUITests.xctest */ = {isa = PBXFileReference; explicitFileType = wrapper.cfbundle; includeInIndex = 0; path = "Actions&OutletsUITests.xctest"; sourceTree = BUILT_PRODUCTS_DIR; };
		BD66C4BD2891A91E000F68E9 /* Actions_OutletsUITests.swift */ = {isa = PBXFileReference; lastKnownFileType = sourcecode.swift; path = Actions_OutletsUITests.swift; sourceTree = "<group>"; };
		BD66C4BF2891A91E000F68E9 /* Actions_OutletsUITestsLaunchTests.swift */ = {isa = PBXFileReference; lastKnownFileType = sourcecode.swift; path = Actions_OutletsUITestsLaunchTests.swift; sourceTree = "<group>"; };
/* End PBXFileReference section */

/* Begin PBXFrameworksBuildPhase section */
		BD66C4932891A91D000F68E9 /* Frameworks */ = {
			isa = PBXFrameworksBuildPhase;
			buildActionMask = 2147483647;
			files = (
			);
			runOnlyForDeploymentPostprocessing = 0;
		};
		BD66C4AC2891A91E000F68E9 /* Frameworks */ = {
			isa = PBXFrameworksBuildPhase;
			buildActionMask = 2147483647;
			files = (
			);
			runOnlyForDeploymentPostprocessing = 0;
		};
		BD66C4B62891A91E000F68E9 /* Frameworks */ = {
			isa = PBXFrameworksBuildPhase;
			buildActionMask = 2147483647;
			files = (
			);
			runOnlyForDeploymentPostprocessing = 0;
		};
/* End PBXFrameworksBuildPhase section */

/* Begin PBXGroup section */
		BD66C48D2891A91D000F68E9 = {
			isa = PBXGroup;
			children = (
				BD66C4982891A91D000F68E9 /* Actions&Outlets */,
				BD66C4B22891A91E000F68E9 /* Actions&OutletsTests */,
				BD66C4BC2891A91E000F68E9 /* Actions&OutletsUITests */,
				BD66C4972891A91D000F68E9 /* Products */,
			);
			sourceTree = "<group>";
		};
		BD66C4972891A91D000F68E9 /* Products */ = {
			isa = PBXGroup;
			children = (
				BD66C4962891A91D000F68E9 /* Actions&Outlets.app */,
				BD66C4AF2891A91E000F68E9 /* Actions&OutletsTests.xctest */,
				BD66C4B92891A91E000F68E9 /* Actions&OutletsUITests.xctest */,
			);
			name = Products;
			sourceTree = "<group>";
		};
		BD66C4982891A91D000F68E9 /* Actions&Outlets */ = {
			isa = PBXGroup;
			children = (
				BD66C4992891A91D000F68E9 /* AppDelegate.swift */,
				BD66C49B2891A91D000F68E9 /* SceneDelegate.swift */,
				BD66C49D2891A91D000F68E9 /* ViewController.swift */,
				BD66C49F2891A91D000F68E9 /* Main.storyboard */,
				BD66C4A52891A91E000F68E9 /* Assets.xcassets */,
				BD66C4A72891A91E000F68E9 /* LaunchScreen.storyboard */,
				BD66C4AA2891A91E000F68E9 /* Info.plist */,
				BD66C4A22891A91D000F68E9 /* Actions_Outlets.xcdatamodeld */,
			);
			path = "Actions&Outlets";
			sourceTree = "<group>";
		};
		BD66C4B22891A91E000F68E9 /* Actions&OutletsTests */ = {
			isa = PBXGroup;
			children = (
				BD66C4B32891A91E000F68E9 /* Actions_OutletsTests.swift */,
			);
			path = "Actions&OutletsTests";
			sourceTree = "<group>";
		};
		BD66C4BC2891A91E000F68E9 /* Actions&OutletsUITests */ = {
			isa = PBXGroup;
			children = (
				BD66C4BD2891A91E000F68E9 /* Actions_OutletsUITests.swift */,
				BD66C4BF2891A91E000F68E9 /* Actions_OutletsUITestsLaunchTests.swift */,
			);
			path = "Actions&OutletsUITests";
			sourceTree = "<group>";
		};
/* End PBXGroup section */

/* Begin PBXNativeTarget section */
		BD66C4952891A91D000F68E9 /* Actions&Outlets */ = {
			isa = PBXNativeTarget;
			buildConfigurationList = BD66C4C32891A91E000F68E9 /* Build configuration list for PBXNativeTarget "Actions&Outlets" */;
			buildPhases = (
				BD66C4922891A91D000F68E9 /* Sources */,
				BD66C4932891A91D000F68E9 /* Frameworks */,
				BD66C4942891A91D000F68E9 /* Resources */,
			);
			buildRules = (
			);
			dependencies = (
			);
			name = "Actions&Outlets";
			productName = "Actions&Outlets";
			productReference = BD66C4962891A91D000F68E9 /* Actions&Outlets.app */;
			productType = "com.apple.product-type.application";
		};
		BD66C4AE2891A91E000F68E9 /* Actions&OutletsTests */ = {
			isa = PBXNativeTarget;
			buildConfigurationList = BD66C4C62891A91E000F68E9 /* Build configuration list for PBXNativeTarget "Actions&OutletsTests" */;
			buildPhases = (
				BD66C4AB2891A91E000F68E9 /* Sources */,
				BD66C4AC2891A91E000F68E9 /* Frameworks */,
				BD66C4AD2891A91E000F68E9 /* Resources */,
			);
			buildRules = (
			);
			dependencies = (
				BD66C4B12891A91E000F68E9 /* PBXTargetDependency */,
			);
			name = "Actions&OutletsTests";
			productName = "Actions&OutletsTests";
			productReference = BD66C4AF2891A91E000F68E9 /* Actions&OutletsTests.xctest */;
			productType = "com.apple.product-type.bundle.unit-test";
		};
		BD66C4B82891A91E000F68E9 /* Actions&OutletsUITests */ = {
			isa = PBXNativeTarget;
			buildConfigurationList = BD66C4C92891A91E000F68E9 /* Build configuration list for PBXNativeTarget "Actions&OutletsUITests" */;
			buildPhases = (
				BD66C4B52891A91E000F68E9 /* Sources */,
				BD66C4B62891A91E000F68E9 /* Frameworks */,
				BD66C4B72891A91E000F68E9 /* Resources */,
			);
			buildRules = (
			);
			dependencies = (
				BD66C4BB2891A91E000F68E9 /* PBXTargetDependency */,
			);
			name = "Actions&OutletsUITests";
			productName = "Actions&OutletsUITests";
			productReference = BD66C4B92891A91E000F68E9 /* Actions&OutletsUITests.xctest */;
			productType = "com.apple.product-type.bundle.ui-testing";
		};
/* End PBXNativeTarget section */

/* Begin PBXProject section */
		BD66C48E2891A91D000F68E9 /* Project object */ = {
			isa = PBXProject;
			attributes = {
				BuildIndependentTargetsInParallel = 1;
				LastSwiftUpdateCheck = 1340;
				LastUpgradeCheck = 1340;
				TargetAttributes = {
					BD66C4952891A91D000F68E9 = {
						CreatedOnToolsVersion = 13.4.1;
					};
					BD66C4AE2891A91E000F68E9 = {
						CreatedOnToolsVersion = 13.4.1;
						TestTargetID = BD66C4952891A91D000F68E9;
					};
					BD66C4B82891A91E000F68E9 = {
						CreatedOnToolsVersion = 13.4.1;
						TestTargetID = BD66C4952891A91D000F68E9;
					};
				};
			};
			buildConfigurationList = BD66C4912891A91D000F68E9 /* Build configuration list for PBXProject "Actions&Outlets" */;
			compatibilityVersion = "Xcode 13.0";
			developmentRegion = en;
			hasScannedForEncodings = 0;
			knownRegions = (
				en,
				Base,
			);
			mainGroup = BD66C48D2891A91D000F68E9;
			productRefGroup = BD66C4972891A91D000F68E9 /* Products */;
			projectDirPath = "";
			projectRoot = "";
			targets = (
				BD66C4952891A91D000F68E9 /* Actions&Outlets */,
				BD66C4AE2891A91E000F68E9 /* Actions&OutletsTests */,
				BD66C4B82891A91E000F68E9 /* Actions&OutletsUITests */,
			);
		};
/* End PBXProject section */

/* Begin PBXResourcesBuildPhase section */
		BD66C4942891A91D000F68E9 /* Resources */ = {
			isa = PBXResourcesBuildPhase;
			buildActionMask = 2147483647;
			files = (
				BD66C4A92891A91E000F68E9 /* LaunchScreen.storyboard in Resources */,
				BD66C4A62891A91E000F68E9 /* Assets.xcassets in Resources */,
				BD66C4A12891A91D000F68E9 /* Main.storyboard in Resources */,
			);
			runOnlyForDeploymentPostprocessing = 0;
		};
		BD66C4AD2891A91E000F68E9 /* Resources */ = {
			isa = PBXResourcesBuildPhase;
			buildActionMask = 2147483647;
			files = (
			);
			runOnlyForDeploymentPostprocessing = 0;
		};
		BD66C4B72891A91E000F68E9 /* Resources */ = {
			isa = PBXResourcesBuildPhase;
			buildActionMask = 2147483647;
			files = (
			);
			runOnlyForDeploymentPostprocessing = 0;
		};
/* End PBXResourcesBuildPhase section */

/* Begin PBXSourcesBuildPhase section */
		BD66C4922891A91D000F68E9 /* Sources */ = {
			isa = PBXSourcesBuildPhase;
			buildActionMask = 2147483647;
			files = (
				BD66C4A42891A91D000F68E9 /* Actions_Outlets.xcdatamodeld in Sources */,
				BD66C49E2891A91D000F68E9 /* ViewController.swift in Sources */,
				BD66C49A2891A91D000F68E9 /* AppDelegate.swift in Sources */,
				BD66C49C2891A91D000F68E9 /* SceneDelegate.swift in Sources */,
			);
			runOnlyForDeploymentPostprocessing = 0;
		};
		BD66C4AB2891A91E000F68E9 /* Sources */ = {
			isa = PBXSourcesBuildPhase;
			buildActionMask = 2147483647;
			files = (
				BD66C4B42891A91E000F68E9 /* Actions_OutletsTests.swift in Sources */,
			);
			runOnlyForDeploymentPostprocessing = 0;
		};
		BD66C4B52891A91E000F68E9 /* Sources */ = {
			isa = PBXSourcesBuildPhase;
			buildActionMask = 2147483647;
			files = (
				BD66C4BE2891A91E000F68E9 /* Actions_OutletsUITests.swift in Sources */,
				BD66C4C02891A91E000F68E9 /* Actions_OutletsUITestsLaunchTests.swift in Sources */,
			);
			runOnlyForDeploymentPostprocessing = 0;
		};
/* End PBXSourcesBuildPhase section */

/* Begin PBXTargetDependency section */
		BD66C4B12891A91E000F68E9 /* PBXTargetDependency */ = {
			isa = PBXTargetDependency;
			target = BD66C4952891A91D000F68E9 /* Actions&Outlets */;
			targetProxy = BD66C4B02891A91E000F68E9 /* PBXContainerItemProxy */;
		};
		BD66C4BB2891A91E000F68E9 /* PBXTargetDependency */ = {
			isa = PBXTargetDependency;
			target = BD66C4952891A91D000F68E9 /* Actions&Outlets */;
			targetProxy = BD66C4BA2891A91E000F68E9 /* PBXContainerItemProxy */;
		};
/* End PBXTargetDependency section */

/* Begin PBXVariantGroup section */
		BD66C49F2891A91D000F68E9 /* Main.storyboard */ = {
			isa = PBXVariantGroup;
			children = (
				BD66C4A02891A91D000F68E9 /* Base */,
			);
			name = Main.storyboard;
			sourceTree = "<group>";
		};
		BD66C4A72891A91E000F68E9 /* LaunchScreen.storyboard */ = {
			isa = PBXVariantGroup;
			children = (
				BD66C4A82891A91E000F68E9 /* Base */,
			);
			name = LaunchScreen.storyboard;
			sourceTree = "<group>";
		};
/* End PBXVariantGroup section */

/* Begin XCBuildConfiguration section */
		BD66C4C12891A91E000F68E9 /* Debug */ = {
			isa = XCBuildConfiguration;
			buildSettings = {
				ALWAYS_SEARCH_USER_PATHS = NO;
				CLANG_ANALYZER_NONNULL = YES;
				CLANG_ANALYZER_NUMBER_OBJECT_CONVERSION = YES_AGGRESSIVE;
				CLANG_CXX_LANGUAGE_STANDARD = "gnu++17";
				CLANG_ENABLE_MODULES = YES;
				CLANG_ENABLE_OBJC_ARC = YES;
				CLANG_ENABLE_OBJC_WEAK = YES;
				CLANG_WARN_BLOCK_CAPTURE_AUTORELEASING = YES;
				CLANG_WARN_BOOL_CONVERSION = YES;
				CLANG_WARN_COMMA = YES;
				CLANG_WARN_CONSTANT_CONVERSION = YES;
				CLANG_WARN_DEPRECATED_OBJC_IMPLEMENTATIONS = YES;
				CLANG_WARN_DIRECT_OBJC_ISA_USAGE = YES_ERROR;
				CLANG_WARN_DOCUMENTATION_COMMENTS = YES;
				CLANG_WARN_EMPTY_BODY = YES;
				CLANG_WARN_ENUM_CONVERSION = YES;
				CLANG_WARN_INFINITE_RECURSION = YES;
				CLANG_WARN_INT_CONVERSION = YES;
				CLANG_WARN_NON_LITERAL_NULL_CONVERSION = YES;
				CLANG_WARN_OBJC_IMPLICIT_RETAIN_SELF = YES;
				CLANG_WARN_OBJC_LITERAL_CONVERSION = YES;
				CLANG_WARN_OBJC_ROOT_CLASS = YES_ERROR;
				CLANG_WARN_QUOTED_INCLUDE_IN_FRAMEWORK_HEADER = YES;
				CLANG_WARN_RANGE_LOOP_ANALYSIS = YES;
				CLANG_WARN_STRICT_PROTOTYPES = YES;
				CLANG_WARN_SUSPICIOUS_MOVE = YES;
				CLANG_WARN_UNGUARDED_AVAILABILITY = YES_AGGRESSIVE;
				CLANG_WARN_UNREACHABLE_CODE = YES;
				CLANG_WARN__DUPLICATE_METHOD_MATCH = YES;
				COPY_PHASE_STRIP = NO;
				DEBUG_INFORMATION_FORMAT = dwarf;
				ENABLE_STRICT_OBJC_MSGSEND = YES;
				ENABLE_TESTABILITY = YES;
				GCC_C_LANGUAGE_STANDARD = gnu11;
				GCC_DYNAMIC_NO_PIC = NO;
				GCC_NO_COMMON_BLOCKS = YES;
				GCC_OPTIMIZATION_LEVEL = 0;
				GCC_PREPROCESSOR_DEFINITIONS = (
					"DEBUG=1",
					"$(inherited)",
				);
				GCC_WARN_64_TO_32_BIT_CONVERSION = YES;
				GCC_WARN_ABOUT_RETURN_TYPE = YES_ERROR;
				GCC_WARN_UNDECLARED_SELECTOR = YES;
				GCC_WARN_UNINITIALIZED_AUTOS = YES_AGGRESSIVE;
				GCC_WARN_UNUSED_FUNCTION = YES;
				GCC_WARN_UNUSED_VARIABLE = YES;
				IPHONEOS_DEPLOYMENT_TARGET = 15.5;
				MTL_ENABLE_DEBUG_INFO = INCLUDE_SOURCE;
				MTL_FAST_MATH = YES;
				ONLY_ACTIVE_ARCH = YES;
				SDKROOT = iphoneos;
				SWIFT_ACTIVE_COMPILATION_CONDITIONS = DEBUG;
				SWIFT_OPTIMIZATION_LEVEL = "-Onone";
			};
			name = Debug;
		};
		BD66C4C22891A91E000F68E9 /* Release */ = {
			isa = XCBuildConfiguration;
			buildSettings = {
				ALWAYS_SEARCH_USER_PATHS = NO;
				CLANG_ANALYZER_NONNULL = YES;
				CLANG_ANALYZER_NUMBER_OBJECT_CONVERSION = YES_AGGRESSIVE;
				CLANG_CXX_LANGUAGE_STANDARD = "gnu++17";
				CLANG_ENABLE_MODULES = YES;
				CLANG_ENABLE_OBJC_ARC = YES;
				CLANG_ENABLE_OBJC_WEAK = YES;
				CLANG_WARN_BLOCK_CAPTURE_AUTORELEASING = YES;
				CLANG_WARN_BOOL_CONVERSION = YES;
				CLANG_WARN_COMMA = YES;
				CLANG_WARN_CONSTANT_CONVERSION = YES;
				CLANG_WARN_DEPRECATED_OBJC_IMPLEMENTATIONS = YES;
				CLANG_WARN_DIRECT_OBJC_ISA_USAGE = YES_ERROR;
				CLANG_WARN_DOCUMENTATION_COMMENTS = YES;
				CLANG_WARN_EMPTY_BODY = YES;
				CLANG_WARN_ENUM_CONVERSION = YES;
				CLANG_WARN_INFINITE_RECURSION = YES;
				CLANG_WARN_INT_CONVERSION = YES;
				CLANG_WARN_NON_LITERAL_NULL_CONVERSION = YES;
				CLANG_WARN_OBJC_IMPLICIT_RETAIN_SELF = YES;
				CLANG_WARN_OBJC_LITERAL_CONVERSION = YES;
				CLANG_WARN_OBJC_ROOT_CLASS = YES_ERROR;
				CLANG_WARN_QUOTED_INCLUDE_IN_FRAMEWORK_HEADER = YES;
				CLANG_WARN_RANGE_LOOP_ANALYSIS = YES;
				CLANG_WARN_STRICT_PROTOTYPES = YES;
				CLANG_WARN_SUSPICIOUS_MOVE = YES;
				CLANG_WARN_UNGUARDED_AVAILABILITY = YES_AGGRESSIVE;
				CLANG_WARN_UNREACHABLE_CODE = YES;
				CLANG_WARN__DUPLICATE_METHOD_MATCH = YES;
				COPY_PHASE_STRIP = NO;
				DEBUG_INFORMATION_FORMAT = "dwarf-with-dsym";
				ENABLE_NS_ASSERTIONS = NO;
				ENABLE_STRICT_OBJC_MSGSEND = YES;
				GCC_C_LANGUAGE_STANDARD = gnu11;
				GCC_NO_COMMON_BLOCKS = YES;
				GCC_WARN_64_TO_32_BIT_CONVERSION = YES;
				GCC_WARN_ABOUT_RETURN_TYPE = YES_ERROR;
				GCC_WARN_UNDECLARED_SELECTOR = YES;
				GCC_WARN_UNINITIALIZED_AUTOS = YES_AGGRESSIVE;
				GCC_WARN_UNUSED_FUNCTION = YES;
				GCC_WARN_UNUSED_VARIABLE = YES;
				IPHONEOS_DEPLOYMENT_TARGET = 15.5;
				MTL_ENABLE_DEBUG_INFO = NO;
				MTL_FAST_MATH = YES;
				SDKROOT = iphoneos;
				SWIFT_COMPILATION_MODE = wholemodule;
				SWIFT_OPTIMIZATION_LEVEL = "-O";
				VALIDATE_PRODUCT = YES;
			};
			name = Release;
		};
		BD66C4C42891A91E000F68E9 /* Debug */ = {
			isa = XCBuildConfiguration;
			buildSettings = {
				ASSETCATALOG_COMPILER_APPICON_NAME = AppIcon;
				ASSETCATALOG_COMPILER_GLOBAL_ACCENT_COLOR_NAME = AccentColor;
				CODE_SIGN_STYLE = Automatic;
				CURRENT_PROJECT_VERSION = 1;
				GENERATE_INFOPLIST_FILE = YES;
				INFOPLIST_FILE = "Actions&Outlets/Info.plist";
				INFOPLIST_KEY_UIApplicationSupportsIndirectInputEvents = YES;
				INFOPLIST_KEY_UILaunchStoryboardName = LaunchScreen;
				INFOPLIST_KEY_UIMainStoryboardFile = Main;
				INFOPLIST_KEY_UISupportedInterfaceOrientations_iPad = "UIInterfaceOrientationPortrait UIInterfaceOrientationPortraitUpsideDown UIInterfaceOrientationLandscapeLeft UIInterfaceOrientationLandscapeRight";
				INFOPLIST_KEY_UISupportedInterfaceOrientations_iPhone = "UIInterfaceOrientationPortrait UIInterfaceOrientationLandscapeLeft UIInterfaceOrientationLandscapeRight";
				LD_RUNPATH_SEARCH_PATHS = (
					"$(inherited)",
					"@executable_path/Frameworks",
				);
				MARKETING_VERSION = 1.0;
				PRODUCT_BUNDLE_IDENTIFIER = "KWK.Actions-Outlets";
				PRODUCT_NAME = "$(TARGET_NAME)";
				SWIFT_EMIT_LOC_STRINGS = YES;
				SWIFT_VERSION = 5.0;
				TARGETED_DEVICE_FAMILY = "1,2";
			};
			name = Debug;
		};
		BD66C4C52891A91E000F68E9 /* Release */ = {
			isa = XCBuildConfiguration;
			buildSettings = {
				ASSETCATALOG_COMPILER_APPICON_NAME = AppIcon;
				ASSETCATALOG_COMPILER_GLOBAL_ACCENT_COLOR_NAME = AccentColor;
				CODE_SIGN_STYLE = Automatic;
				CURRENT_PROJECT_VERSION = 1;
				GENERATE_INFOPLIST_FILE = YES;
				INFOPLIST_FILE = "Actions&Outlets/Info.plist";
				INFOPLIST_KEY_UIApplicationSupportsIndirectInputEvents = YES;
				INFOPLIST_KEY_UILaunchStoryboardName = LaunchScreen;
				INFOPLIST_KEY_UIMainStoryboardFile = Main;
				INFOPLIST_KEY_UISupportedInterfaceOrientations_iPad = "UIInterfaceOrientationPortrait UIInterfaceOrientationPortraitUpsideDown UIInterfaceOrientationLandscapeLeft UIInterfaceOrientationLandscapeRight";
				INFOPLIST_KEY_UISupportedInterfaceOrientations_iPhone = "UIInterfaceOrientationPortrait UIInterfaceOrientationLandscapeLeft UIInterfaceOrientationLandscapeRight";
				LD_RUNPATH_SEARCH_PATHS = (
					"$(inherited)",
					"@executable_path/Frameworks",
				);
				MARKETING_VERSION = 1.0;
				PRODUCT_BUNDLE_IDENTIFIER = "KWK.Actions-Outlets";
				PRODUCT_NAME = "$(TARGET_NAME)";
				SWIFT_EMIT_LOC_STRINGS = YES;
				SWIFT_VERSION = 5.0;
				TARGETED_DEVICE_FAMILY = "1,2";
			};
			name = Release;
		};
		BD66C4C72891A91E000F68E9 /* Debug */ = {
			isa = XCBuildConfiguration;
			buildSettings = {
				ALWAYS_EMBED_SWIFT_STANDARD_LIBRARIES = YES;
				BUNDLE_LOADER = "$(TEST_HOST)";
				CODE_SIGN_STYLE = Automatic;
				CURRENT_PROJECT_VERSION = 1;
				GENERATE_INFOPLIST_FILE = YES;
				IPHONEOS_DEPLOYMENT_TARGET = 15.5;
				MARKETING_VERSION = 1.0;
				PRODUCT_BUNDLE_IDENTIFIER = "KWK.Actions-OutletsTests";
				PRODUCT_NAME = "$(TARGET_NAME)";
				SWIFT_EMIT_LOC_STRINGS = NO;
				SWIFT_VERSION = 5.0;
				TARGETED_DEVICE_FAMILY = "1,2";
				TEST_HOST = "$(BUILT_PRODUCTS_DIR)/Actions&Outlets.app/Actions&Outlets";
			};
			name = Debug;
		};
		BD66C4C82891A91E000F68E9 /* Release */ = {
			isa = XCBuildConfiguration;
			buildSettings = {
				ALWAYS_EMBED_SWIFT_STANDARD_LIBRARIES = YES;
				BUNDLE_LOADER = "$(TEST_HOST)";
				CODE_SIGN_STYLE = Automatic;
				CURRENT_PROJECT_VERSION = 1;
				GENERATE_INFOPLIST_FILE = YES;
				IPHONEOS_DEPLOYMENT_TARGET = 15.5;
				MARKETING_VERSION = 1.0;
				PRODUCT_BUNDLE_IDENTIFIER = "KWK.Actions-OutletsTests";
				PRODUCT_NAME = "$(TARGET_NAME)";
				SWIFT_EMIT_LOC_STRINGS = NO;
				SWIFT_VERSION = 5.0;
				TARGETED_DEVICE_FAMILY = "1,2";
				TEST_HOST = "$(BUILT_PRODUCTS_DIR)/Actions&Outlets.app/Actions&Outlets";
			};
			name = Release;
		};
		BD66C4CA2891A91E000F68E9 /* Debug */ = {
			isa = XCBuildConfiguration;
			buildSettings = {
				ALWAYS_EMBED_SWIFT_STANDARD_LIBRARIES = YES;
				CODE_SIGN_STYLE = Automatic;
				CURRENT_PROJECT_VERSION = 1;
				GENERATE_INFOPLIST_FILE = YES;
				MARKETING_VERSION = 1.0;
				PRODUCT_BUNDLE_IDENTIFIER = "KWK.Actions-OutletsUITests";
				PRODUCT_NAME = "$(TARGET_NAME)";
				SWIFT_EMIT_LOC_STRINGS = NO;
				SWIFT_VERSION = 5.0;
				TARGETED_DEVICE_FAMILY = "1,2";
				TEST_TARGET_NAME = "Actions&Outlets";
			};
			name = Debug;
		};
		BD66C4CB2891A91E000F68E9 /* Release */ = {
			isa = XCBuildConfiguration;
			buildSettings = {
				ALWAYS_EMBED_SWIFT_STANDARD_LIBRARIES = YES;
				CODE_SIGN_STYLE = Automatic;
				CURRENT_PROJECT_VERSION = 1;
				GENERATE_INFOPLIST_FILE = YES;
				MARKETING_VERSION = 1.0;
				PRODUCT_BUNDLE_IDENTIFIER = "KWK.Actions-OutletsUITests";
				PRODUCT_NAME = "$(TARGET_NAME)";
				SWIFT_EMIT_LOC_STRINGS = NO;
				SWIFT_VERSION = 5.0;
				TARGETED_DEVICE_FAMILY = "1,2";
				TEST_TARGET_NAME = "Actions&Outlets";
			};
			name = Release;
		};
/* End XCBuildConfiguration section */

/* Begin XCConfigurationList section */
		BD66C4912891A91D000F68E9 /* Build configuration list for PBXProject "Actions&Outlets" */ = {
			isa = XCConfigurationList;
			buildConfigurations = (
				BD66C4C12891A91E000F68E9 /* Debug */,
				BD66C4C22891A91E000F68E9 /* Release */,
			);
			defaultConfigurationIsVisible = 0;
			defaultConfigurationName = Release;
		};
		BD66C4C32891A91E000F68E9 /* Build configuration list for PBXNativeTarget "Actions&Outlets" */ = {
			isa = XCConfigurationList;
			buildConfigurations = (
				BD66C4C42891A91E000F68E9 /* Debug */,
				BD66C4C52891A91E000F68E9 /* Release */,
			);
			defaultConfigurationIsVisible = 0;
			defaultConfigurationName = Release;
		};
		BD66C4C62891A91E000F68E9 /* Build configuration list for PBXNativeTarget "Actions&OutletsTests" */ = {
			isa = XCConfigurationList;
			buildConfigurations = (
				BD66C4C72891A91E000F68E9 /* Debug */,
				BD66C4C82891A91E000F68E9 /* Release */,
			);
			defaultConfigurationIsVisible = 0;
			defaultConfigurationName = Release;
		};
		BD66C4C92891A91E000F68E9 /* Build configuration list for PBXNativeTarget "Actions&OutletsUITests" */ = {
			isa = XCConfigurationList;
			buildConfigurations = (
				BD66C4CA2891A91E000F68E9 /* Debug */,
				BD66C4CB2891A91E000F68E9 /* Release */,
			);
			defaultConfigurationIsVisible = 0;
			defaultConfigurationName = Release;
		};
/* End XCConfigurationList section */

/* Begin XCVersionGroup section */
		BD66C4A22891A91D000F68E9 /* Actions_Outlets.xcdatamodeld */ = {
			isa = XCVersionGroup;
			children = (
				BD66C4A32891A91D000F68E9 /* Actions_Outlets.xcdatamodel */,
			);
			currentVersion = BD66C4A32891A91D000F68E9 /* Actions_Outlets.xcdatamodel */;
			path = Actions_Outlets.xcdatamodeld;
			sourceTree = "<group>";
			versionGroupType = wrapper.xcdatamodel;
		};
/* End XCVersionGroup section */
	};
	rootObject = BD66C48E2891A91D000F68E9 /* Project object */;
}
