// !$*UTF8*$!
{
	archiveVersion = 1;
	classes = {
	};
	objectVersion = 55;
	objects = {

/* Begin PBXBuildFile section */
		BD66C5592892FE86000F68E9 /* AppDelegate.swift in Sources */ = {isa = PBXBuildFile; fileRef = BD66C5582892FE86000F68E9 /* AppDelegate.swift */; };
		BD66C55B2892FE86000F68E9 /* SceneDelegate.swift in Sources */ = {isa = PBXBuildFile; fileRef = BD66C55A2892FE86000F68E9 /* SceneDelegate.swift */; };
		BD66C55D2892FE86000F68E9 /* ViewController.swift in Sources */ = {isa = PBXBuildFile; fileRef = BD66C55C2892FE86000F68E9 /* ViewController.swift */; };
		BD66C5602892FE86000F68E9 /* Main.storyboard in Resources */ = {isa = PBXBuildFile; fileRef = BD66C55E2892FE86000F68E9 /* Main.storyboard */; };
		BD66C5632892FE86000F68E9 /* MiniProject2.xcdatamodeld in Sources */ = {isa = PBXBuildFile; fileRef = BD66C5612892FE86000F68E9 /* MiniProject2.xcdatamodeld */; };
		BD66C5652892FE88000F68E9 /* Assets.xcassets in Resources */ = {isa = PBXBuildFile; fileRef = BD66C5642892FE88000F68E9 /* Assets.xcassets */; };
		BD66C5682892FE88000F68E9 /* LaunchScreen.storyboard in Resources */ = {isa = PBXBuildFile; fileRef = BD66C5662892FE88000F68E9 /* LaunchScreen.storyboard */; };
		BD66C5732892FE88000F68E9 /* MiniProject2Tests.swift in Sources */ = {isa = PBXBuildFile; fileRef = BD66C5722892FE88000F68E9 /* MiniProject2Tests.swift */; };
		BD66C57D2892FE88000F68E9 /* MiniProject2UITests.swift in Sources */ = {isa = PBXBuildFile; fileRef = BD66C57C2892FE88000F68E9 /* MiniProject2UITests.swift */; };
		BD66C57F2892FE88000F68E9 /* MiniProject2UITestsLaunchTests.swift in Sources */ = {isa = PBXBuildFile; fileRef = BD66C57E2892FE88000F68E9 /* MiniProject2UITestsLaunchTests.swift */; };
		BD66C58C289301AB000F68E9 /* secondViewController.swift in Sources */ = {isa = PBXBuildFile; fileRef = BD66C58B289301AB000F68E9 /* secondViewController.swift */; };
		BD66C58E2893029E000F68E9 /* thirdViewController.swift in Sources */ = {isa = PBXBuildFile; fileRef = BD66C58D2893029E000F68E9 /* thirdViewController.swift */; };
/* End PBXBuildFile section */

/* Begin PBXContainerItemProxy section */
		BD66C56F2892FE88000F68E9 /* PBXContainerItemProxy */ = {
			isa = PBXContainerItemProxy;
			containerPortal = BD66C54D2892FE86000F68E9 /* Project object */;
			proxyType = 1;
			remoteGlobalIDString = BD66C5542892FE86000F68E9;
			remoteInfo = MiniProject2;
		};
		BD66C5792892FE88000F68E9 /* PBXContainerItemProxy */ = {
			isa = PBXContainerItemProxy;
			containerPortal = BD66C54D2892FE86000F68E9 /* Project object */;
			proxyType = 1;
			remoteGlobalIDString = BD66C5542892FE86000F68E9;
			remoteInfo = MiniProject2;
		};
/* End PBXContainerItemProxy section */

/* Begin PBXFileReference section */
		BD66C5552892FE86000F68E9 /* MiniProject2.app */ = {isa = PBXFileReference; explicitFileType = wrapper.application; includeInIndex = 0; path = MiniProject2.app; sourceTree = BUILT_PRODUCTS_DIR; };
		BD66C5582892FE86000F68E9 /* AppDelegate.swift */ = {isa = PBXFileReference; lastKnownFileType = sourcecode.swift; path = AppDelegate.swift; sourceTree = "<group>"; };
		BD66C55A2892FE86000F68E9 /* SceneDelegate.swift */ = {isa = PBXFileReference; lastKnownFileType = sourcecode.swift; path = SceneDelegate.swift; sourceTree = "<group>"; };
		BD66C55C2892FE86000F68E9 /* ViewController.swift */ = {isa = PBXFileReference; lastKnownFileType = sourcecode.swift; path = ViewController.swift; sourceTree = "<group>"; };
		BD66C55F2892FE86000F68E9 /* Base */ = {isa = PBXFileReference; lastKnownFileType = file.storyboard; name = Base; path = Base.lproj/Main.storyboard; sourceTree = "<group>"; };
		BD66C5622892FE86000F68E9 /* MiniProject2.xcdatamodel */ = {isa = PBXFileReference; lastKnownFileType = wrapper.xcdatamodel; path = MiniProject2.xcdatamodel; sourceTree = "<group>"; };
		BD66C5642892FE88000F68E9 /* Assets.xcassets */ = {isa = PBXFileReference; lastKnownFileType = folder.assetcatalog; path = Assets.xcassets; sourceTree = "<group>"; };
		BD66C5672892FE88000F68E9 /* Base */ = {isa = PBXFileReference; lastKnownFileType = file.storyboard; name = Base; path = Base.lproj/LaunchScreen.storyboard; sourceTree = "<group>"; };
		BD66C5692892FE88000F68E9 /* Info.plist */ = {isa = PBXFileReference; lastKnownFileType = text.plist.xml; path = Info.plist; sourceTree = "<group>"; };
		BD66C56E2892FE88000F68E9 /* MiniProject2Tests.xctest */ = {isa = PBXFileReference; explicitFileType = wrapper.cfbundle; includeInIndex = 0; path = MiniProject2Tests.xctest; sourceTree = BUILT_PRODUCTS_DIR; };
		BD66C5722892FE88000F68E9 /* MiniProject2Tests.swift */ = {isa = PBXFileReference; lastKnownFileType = sourcecode.swift; path = MiniProject2Tests.swift; sourceTree = "<group>"; };
		BD66C5782892FE88000F68E9 /* MiniProject2UITests.xctest */ = {isa = PBXFileReference; explicitFileType = wrapper.cfbundle; includeInIndex = 0; path = MiniProject2UITests.xctest; sourceTree = BUILT_PRODUCTS_DIR; };
		BD66C57C2892FE88000F68E9 /* MiniProject2UITests.swift */ = {isa = PBXFileReference; lastKnownFileType = sourcecode.swift; path = MiniProject2UITests.swift; sourceTree = "<group>"; };
		BD66C57E2892FE88000F68E9 /* MiniProject2UITestsLaunchTests.swift */ = {isa = PBXFileReference; lastKnownFileType = sourcecode.swift; path = MiniProject2UITestsLaunchTests.swift; sourceTree = "<group>"; };
		BD66C58B289301AB000F68E9 /* secondViewController.swift */ = {isa = PBXFileReference; lastKnownFileType = sourcecode.swift; path = secondViewController.swift; sourceTree = "<group>"; };
		BD66C58D2893029E000F68E9 /* thirdViewController.swift */ = {isa = PBXFileReference; lastKnownFileType = sourcecode.swift; path = thirdViewController.swift; sourceTree = "<group>"; };
/* End PBXFileReference section */

/* Begin PBXFrameworksBuildPhase section */
		BD66C5522892FE86000F68E9 /* Frameworks */ = {
			isa = PBXFrameworksBuildPhase;
			buildActionMask = 2147483647;
			files = (
			);
			runOnlyForDeploymentPostprocessing = 0;
		};
		BD66C56B2892FE88000F68E9 /* Frameworks */ = {
			isa = PBXFrameworksBuildPhase;
			buildActionMask = 2147483647;
			files = (
			);
			runOnlyForDeploymentPostprocessing = 0;
		};
		BD66C5752892FE88000F68E9 /* Frameworks */ = {
			isa = PBXFrameworksBuildPhase;
			buildActionMask = 2147483647;
			files = (
			);
			runOnlyForDeploymentPostprocessing = 0;
		};
/* End PBXFrameworksBuildPhase section */

/* Begin PBXGroup section */
		BD66C54C2892FE86000F68E9 = {
			isa = PBXGroup;
			children = (
				BD66C5572892FE86000F68E9 /* MiniProject2 */,
				BD66C5712892FE88000F68E9 /* MiniProject2Tests */,
				BD66C57B2892FE88000F68E9 /* MiniProject2UITests */,
				BD66C5562892FE86000F68E9 /* Products */,
			);
			sourceTree = "<group>";
		};
		BD66C5562892FE86000F68E9 /* Products */ = {
			isa = PBXGroup;
			children = (
				BD66C5552892FE86000F68E9 /* MiniProject2.app */,
				BD66C56E2892FE88000F68E9 /* MiniProject2Tests.xctest */,
				BD66C5782892FE88000F68E9 /* MiniProject2UITests.xctest */,
			);
			name = Products;
			sourceTree = "<group>";
		};
		BD66C5572892FE86000F68E9 /* MiniProject2 */ = {
			isa = PBXGroup;
			children = (
				BD66C5582892FE86000F68E9 /* AppDelegate.swift */,
				BD66C55A2892FE86000F68E9 /* SceneDelegate.swift */,
				BD66C55C2892FE86000F68E9 /* ViewController.swift */,
				BD66C55E2892FE86000F68E9 /* Main.storyboard */,
				BD66C58D2893029E000F68E9 /* thirdViewController.swift */,
				BD66C58B289301AB000F68E9 /* secondViewController.swift */,
				BD66C5642892FE88000F68E9 /* Assets.xcassets */,
				BD66C5662892FE88000F68E9 /* LaunchScreen.storyboard */,
				BD66C5692892FE88000F68E9 /* Info.plist */,
				BD66C5612892FE86000F68E9 /* MiniProject2.xcdatamodeld */,
			);
			path = MiniProject2;
			sourceTree = "<group>";
		};
		BD66C5712892FE88000F68E9 /* MiniProject2Tests */ = {
			isa = PBXGroup;
			children = (
				BD66C5722892FE88000F68E9 /* MiniProject2Tests.swift */,
			);
			path = MiniProject2Tests;
			sourceTree = "<group>";
		};
		BD66C57B2892FE88000F68E9 /* MiniProject2UITests */ = {
			isa = PBXGroup;
			children = (
				BD66C57C2892FE88000F68E9 /* MiniProject2UITests.swift */,
				BD66C57E2892FE88000F68E9 /* MiniProject2UITestsLaunchTests.swift */,
			);
			path = MiniProject2UITests;
			sourceTree = "<group>";
		};
/* End PBXGroup section */

/* Begin PBXNativeTarget section */
		BD66C5542892FE86000F68E9 /* MiniProject2 */ = {
			isa = PBXNativeTarget;
			buildConfigurationList = BD66C5822892FE88000F68E9 /* Build configuration list for PBXNativeTarget "MiniProject2" */;
			buildPhases = (
				BD66C5512892FE86000F68E9 /* Sources */,
				BD66C5522892FE86000F68E9 /* Frameworks */,
				BD66C5532892FE86000F68E9 /* Resources */,
			);
			buildRules = (
			);
			dependencies = (
			);
			name = MiniProject2;
			productName = MiniProject2;
			productReference = BD66C5552892FE86000F68E9 /* MiniProject2.app */;
			productType = "com.apple.product-type.application";
		};
		BD66C56D2892FE88000F68E9 /* MiniProject2Tests */ = {
			isa = PBXNativeTarget;
			buildConfigurationList = BD66C5852892FE88000F68E9 /* Build configuration list for PBXNativeTarget "MiniProject2Tests" */;
			buildPhases = (
				BD66C56A2892FE88000F68E9 /* Sources */,
				BD66C56B2892FE88000F68E9 /* Frameworks */,
				BD66C56C2892FE88000F68E9 /* Resources */,
			);
			buildRules = (
			);
			dependencies = (
				BD66C5702892FE88000F68E9 /* PBXTargetDependency */,
			);
			name = MiniProject2Tests;
			productName = MiniProject2Tests;
			productReference = BD66C56E2892FE88000F68E9 /* MiniProject2Tests.xctest */;
			productType = "com.apple.product-type.bundle.unit-test";
		};
		BD66C5772892FE88000F68E9 /* MiniProject2UITests */ = {
			isa = PBXNativeTarget;
			buildConfigurationList = BD66C5882892FE88000F68E9 /* Build configuration list for PBXNativeTarget "MiniProject2UITests" */;
			buildPhases = (
				BD66C5742892FE88000F68E9 /* Sources */,
				BD66C5752892FE88000F68E9 /* Frameworks */,
				BD66C5762892FE88000F68E9 /* Resources */,
			);
			buildRules = (
			);
			dependencies = (
				BD66C57A2892FE88000F68E9 /* PBXTargetDependency */,
			);
			name = MiniProject2UITests;
			productName = MiniProject2UITests;
			productReference = BD66C5782892FE88000F68E9 /* MiniProject2UITests.xctest */;
			productType = "com.apple.product-type.bundle.ui-testing";
		};
/* End PBXNativeTarget section */

/* Begin PBXProject section */
		BD66C54D2892FE86000F68E9 /* Project object */ = {
			isa = PBXProject;
			attributes = {
				BuildIndependentTargetsInParallel = 1;
				LastSwiftUpdateCheck = 1340;
				LastUpgradeCheck = 1340;
				TargetAttributes = {
					BD66C5542892FE86000F68E9 = {
						CreatedOnToolsVersion = 13.4.1;
					};
					BD66C56D2892FE88000F68E9 = {
						CreatedOnToolsVersion = 13.4.1;
						TestTargetID = BD66C5542892FE86000F68E9;
					};
					BD66C5772892FE88000F68E9 = {
						CreatedOnToolsVersion = 13.4.1;
						TestTargetID = BD66C5542892FE86000F68E9;
					};
				};
			};
			buildConfigurationList = BD66C5502892FE86000F68E9 /* Build configuration list for PBXProject "MiniProject2" */;
			compatibilityVersion = "Xcode 13.0";
			developmentRegion = en;
			hasScannedForEncodings = 0;
			knownRegions = (
				en,
				Base,
			);
			mainGroup = BD66C54C2892FE86000F68E9;
			productRefGroup = BD66C5562892FE86000F68E9 /* Products */;
			projectDirPath = "";
			projectRoot = "";
			targets = (
				BD66C5542892FE86000F68E9 /* MiniProject2 */,
				BD66C56D2892FE88000F68E9 /* MiniProject2Tests */,
				BD66C5772892FE88000F68E9 /* MiniProject2UITests */,
			);
		};
/* End PBXProject section */

/* Begin PBXResourcesBuildPhase section */
		BD66C5532892FE86000F68E9 /* Resources */ = {
			isa = PBXResourcesBuildPhase;
			buildActionMask = 2147483647;
			files = (
				BD66C5682892FE88000F68E9 /* LaunchScreen.storyboard in Resources */,
				BD66C5652892FE88000F68E9 /* Assets.xcassets in Resources */,
				BD66C5602892FE86000F68E9 /* Main.storyboard in Resources */,
			);
			runOnlyForDeploymentPostprocessing = 0;
		};
		BD66C56C2892FE88000F68E9 /* Resources */ = {
			isa = PBXResourcesBuildPhase;
			buildActionMask = 2147483647;
			files = (
			);
			runOnlyForDeploymentPostprocessing = 0;
		};
		BD66C5762892FE88000F68E9 /* Resources */ = {
			isa = PBXResourcesBuildPhase;
			buildActionMask = 2147483647;
			files = (
			);
			runOnlyForDeploymentPostprocessing = 0;
		};
/* End PBXResourcesBuildPhase section */

/* Begin PBXSourcesBuildPhase section */
		BD66C5512892FE86000F68E9 /* Sources */ = {
			isa = PBXSourcesBuildPhase;
			buildActionMask = 2147483647;
			files = (
				BD66C55D2892FE86000F68E9 /* ViewController.swift in Sources */,
				BD66C5592892FE86000F68E9 /* AppDelegate.swift in Sources */,
				BD66C58E2893029E000F68E9 /* thirdViewController.swift in Sources */,
				BD66C55B2892FE86000F68E9 /* SceneDelegate.swift in Sources */,
				BD66C58C289301AB000F68E9 /* secondViewController.swift in Sources */,
				BD66C5632892FE86000F68E9 /* MiniProject2.xcdatamodeld in Sources */,
			);
			runOnlyForDeploymentPostprocessing = 0;
		};
		BD66C56A2892FE88000F68E9 /* Sources */ = {
			isa = PBXSourcesBuildPhase;
			buildActionMask = 2147483647;
			files = (
				BD66C5732892FE88000F68E9 /* MiniProject2Tests.swift in Sources */,
			);
			runOnlyForDeploymentPostprocessing = 0;
		};
		BD66C5742892FE88000F68E9 /* Sources */ = {
			isa = PBXSourcesBuildPhase;
			buildActionMask = 2147483647;
			files = (
				BD66C57F2892FE88000F68E9 /* MiniProject2UITestsLaunchTests.swift in Sources */,
				BD66C57D2892FE88000F68E9 /* MiniProject2UITests.swift in Sources */,
			);
			runOnlyForDeploymentPostprocessing = 0;
		};
/* End PBXSourcesBuildPhase section */

/* Begin PBXTargetDependency section */
		BD66C5702892FE88000F68E9 /* PBXTargetDependency */ = {
			isa = PBXTargetDependency;
			target = BD66C5542892FE86000F68E9 /* MiniProject2 */;
			targetProxy = BD66C56F2892FE88000F68E9 /* PBXContainerItemProxy */;
		};
		BD66C57A2892FE88000F68E9 /* PBXTargetDependency */ = {
			isa = PBXTargetDependency;
			target = BD66C5542892FE86000F68E9 /* MiniProject2 */;
			targetProxy = BD66C5792892FE88000F68E9 /* PBXContainerItemProxy */;
		};
/* End PBXTargetDependency section */

/* Begin PBXVariantGroup section */
		BD66C55E2892FE86000F68E9 /* Main.storyboard */ = {
			isa = PBXVariantGroup;
			children = (
				BD66C55F2892FE86000F68E9 /* Base */,
			);
			name = Main.storyboard;
			sourceTree = "<group>";
		};
		BD66C5662892FE88000F68E9 /* LaunchScreen.storyboard */ = {
			isa = PBXVariantGroup;
			children = (
				BD66C5672892FE88000F68E9 /* Base */,
			);
			name = LaunchScreen.storyboard;
			sourceTree = "<group>";
		};
/* End PBXVariantGroup section */

/* Begin XCBuildConfiguration section */
		BD66C5802892FE88000F68E9 /* Debug */ = {
			isa = XCBuildConfiguration;
			buildSettings = {
				ALWAYS_SEARCH_USER_PATHS = NO;
				CLANG_ANALYZER_NONNULL = YES;
				CLANG_ANALYZER_NUMBER_OBJECT_CONVERSION = YES_AGGRESSIVE;
				CLANG_CXX_LANGUAGE_STANDARD = "gnu++17";
				CLANG_ENABLE_MODULES = YES;
				CLANG_ENABLE_OBJC_ARC = YES;
				CLANG_ENABLE_OBJC_WEAK = YES;
				CLANG_WARN_BLOCK_CAPTURE_AUTORELEASING = YES;
				CLANG_WARN_BOOL_CONVERSION = YES;
				CLANG_WARN_COMMA = YES;
				CLANG_WARN_CONSTANT_CONVERSION = YES;
				CLANG_WARN_DEPRECATED_OBJC_IMPLEMENTATIONS = YES;
				CLANG_WARN_DIRECT_OBJC_ISA_USAGE = YES_ERROR;
				CLANG_WARN_DOCUMENTATION_COMMENTS = YES;
				CLANG_WARN_EMPTY_BODY = YES;
				CLANG_WARN_ENUM_CONVERSION = YES;
				CLANG_WARN_INFINITE_RECURSION = YES;
				CLANG_WARN_INT_CONVERSION = YES;
				CLANG_WARN_NON_LITERAL_NULL_CONVERSION = YES;
				CLANG_WARN_OBJC_IMPLICIT_RETAIN_SELF = YES;
				CLANG_WARN_OBJC_LITERAL_CONVERSION = YES;
				CLANG_WARN_OBJC_ROOT_CLASS = YES_ERROR;
				CLANG_WARN_QUOTED_INCLUDE_IN_FRAMEWORK_HEADER = YES;
				CLANG_WARN_RANGE_LOOP_ANALYSIS = YES;
				CLANG_WARN_STRICT_PROTOTYPES = YES;
				CLANG_WARN_SUSPICIOUS_MOVE = YES;
				CLANG_WARN_UNGUARDED_AVAILABILITY = YES_AGGRESSIVE;
				CLANG_WARN_UNREACHABLE_CODE = YES;
				CLANG_WARN__DUPLICATE_METHOD_MATCH = YES;
				COPY_PHASE_STRIP = NO;
				DEBUG_INFORMATION_FORMAT = dwarf;
				ENABLE_STRICT_OBJC_MSGSEND = YES;
				ENABLE_TESTABILITY = YES;
				GCC_C_LANGUAGE_STANDARD = gnu11;
				GCC_DYNAMIC_NO_PIC = NO;
				GCC_NO_COMMON_BLOCKS = YES;
				GCC_OPTIMIZATION_LEVEL = 0;
				GCC_PREPROCESSOR_DEFINITIONS = (
					"DEBUG=1",
					"$(inherited)",
				);
				GCC_WARN_64_TO_32_BIT_CONVERSION = YES;
				GCC_WARN_ABOUT_RETURN_TYPE = YES_ERROR;
				GCC_WARN_UNDECLARED_SELECTOR = YES;
				GCC_WARN_UNINITIALIZED_AUTOS = YES_AGGRESSIVE;
				GCC_WARN_UNUSED_FUNCTION = YES;
				GCC_WARN_UNUSED_VARIABLE = YES;
				IPHONEOS_DEPLOYMENT_TARGET = 15.5;
				MTL_ENABLE_DEBUG_INFO = INCLUDE_SOURCE;
				MTL_FAST_MATH = YES;
				ONLY_ACTIVE_ARCH = YES;
				SDKROOT = iphoneos;
				SWIFT_ACTIVE_COMPILATION_CONDITIONS = DEBUG;
				SWIFT_OPTIMIZATION_LEVEL = "-Onone";
			};
			name = Debug;
		};
		BD66C5812892FE88000F68E9 /* Release */ = {
			isa = XCBuildConfiguration;
			buildSettings = {
				ALWAYS_SEARCH_USER_PATHS = NO;
				CLANG_ANALYZER_NONNULL = YES;
				CLANG_ANALYZER_NUMBER_OBJECT_CONVERSION = YES_AGGRESSIVE;
				CLANG_CXX_LANGUAGE_STANDARD = "gnu++17";
				CLANG_ENABLE_MODULES = YES;
				CLANG_ENABLE_OBJC_ARC = YES;
				CLANG_ENABLE_OBJC_WEAK = YES;
				CLANG_WARN_BLOCK_CAPTURE_AUTORELEASING = YES;
				CLANG_WARN_BOOL_CONVERSION = YES;
				CLANG_WARN_COMMA = YES;
				CLANG_WARN_CONSTANT_CONVERSION = YES;
				CLANG_WARN_DEPRECATED_OBJC_IMPLEMENTATIONS = YES;
				CLANG_WARN_DIRECT_OBJC_ISA_USAGE = YES_ERROR;
				CLANG_WARN_DOCUMENTATION_COMMENTS = YES;
				CLANG_WARN_EMPTY_BODY = YES;
				CLANG_WARN_ENUM_CONVERSION = YES;
				CLANG_WARN_INFINITE_RECURSION = YES;
				CLANG_WARN_INT_CONVERSION = YES;
				CLANG_WARN_NON_LITERAL_NULL_CONVERSION = YES;
				CLANG_WARN_OBJC_IMPLICIT_RETAIN_SELF = YES;
				CLANG_WARN_OBJC_LITERAL_CONVERSION = YES;
				CLANG_WARN_OBJC_ROOT_CLASS = YES_ERROR;
				CLANG_WARN_QUOTED_INCLUDE_IN_FRAMEWORK_HEADER = YES;
				CLANG_WARN_RANGE_LOOP_ANALYSIS = YES;
				CLANG_WARN_STRICT_PROTOTYPES = YES;
				CLANG_WARN_SUSPICIOUS_MOVE = YES;
				CLANG_WARN_UNGUARDED_AVAILABILITY = YES_AGGRESSIVE;
				CLANG_WARN_UNREACHABLE_CODE = YES;
				CLANG_WARN__DUPLICATE_METHOD_MATCH = YES;
				COPY_PHASE_STRIP = NO;
				DEBUG_INFORMATION_FORMAT = "dwarf-with-dsym";
				ENABLE_NS_ASSERTIONS = NO;
				ENABLE_STRICT_OBJC_MSGSEND = YES;
				GCC_C_LANGUAGE_STANDARD = gnu11;
				GCC_NO_COMMON_BLOCKS = YES;
				GCC_WARN_64_TO_32_BIT_CONVERSION = YES;
				GCC_WARN_ABOUT_RETURN_TYPE = YES_ERROR;
				GCC_WARN_UNDECLARED_SELECTOR = YES;
				GCC_WARN_UNINITIALIZED_AUTOS = YES_AGGRESSIVE;
				GCC_WARN_UNUSED_FUNCTION = YES;
				GCC_WARN_UNUSED_VARIABLE = YES;
				IPHONEOS_DEPLOYMENT_TARGET = 15.5;
				MTL_ENABLE_DEBUG_INFO = NO;
				MTL_FAST_MATH = YES;
				SDKROOT = iphoneos;
				SWIFT_COMPILATION_MODE = wholemodule;
				SWIFT_OPTIMIZATION_LEVEL = "-O";
				VALIDATE_PRODUCT = YES;
			};
			name = Release;
		};
		BD66C5832892FE88000F68E9 /* Debug */ = {
			isa = XCBuildConfiguration;
			buildSettings = {
				ASSETCATALOG_COMPILER_APPICON_NAME = AppIcon;
				ASSETCATALOG_COMPILER_GLOBAL_ACCENT_COLOR_NAME = AccentColor;
				CODE_SIGN_STYLE = Automatic;
				CURRENT_PROJECT_VERSION = 1;
				GENERATE_INFOPLIST_FILE = YES;
				INFOPLIST_FILE = MiniProject2/Info.plist;
				INFOPLIST_KEY_UIApplicationSupportsIndirectInputEvents = YES;
				INFOPLIST_KEY_UILaunchStoryboardName = LaunchScreen;
				INFOPLIST_KEY_UIMainStoryboardFile = Main;
				INFOPLIST_KEY_UISupportedInterfaceOrientations_iPad = "UIInterfaceOrientationPortrait UIInterfaceOrientationPortraitUpsideDown UIInterfaceOrientationLandscapeLeft UIInterfaceOrientationLandscapeRight";
				INFOPLIST_KEY_UISupportedInterfaceOrientations_iPhone = "UIInterfaceOrientationPortrait UIInterfaceOrientationLandscapeLeft UIInterfaceOrientationLandscapeRight";
				LD_RUNPATH_SEARCH_PATHS = (
					"$(inherited)",
					"@executable_path/Frameworks",
				);
				MARKETING_VERSION = 1.0;
				PRODUCT_BUNDLE_IDENTIFIER = KWK.MiniProject2;
				PRODUCT_NAME = "$(TARGET_NAME)";
				SWIFT_EMIT_LOC_STRINGS = YES;
				SWIFT_VERSION = 5.0;
				TARGETED_DEVICE_FAMILY = "1,2";
			};
			name = Debug;
		};
		BD66C5842892FE88000F68E9 /* Release */ = {
			isa = XCBuildConfiguration;
			buildSettings = {
				ASSETCATALOG_COMPILER_APPICON_NAME = AppIcon;
				ASSETCATALOG_COMPILER_GLOBAL_ACCENT_COLOR_NAME = AccentColor;
				CODE_SIGN_STYLE = Automatic;
				CURRENT_PROJECT_VERSION = 1;
				GENERATE_INFOPLIST_FILE = YES;
				INFOPLIST_FILE = MiniProject2/Info.plist;
				INFOPLIST_KEY_UIApplicationSupportsIndirectInputEvents = YES;
				INFOPLIST_KEY_UILaunchStoryboardName = LaunchScreen;
				INFOPLIST_KEY_UIMainStoryboardFile = Main;
				INFOPLIST_KEY_UISupportedInterfaceOrientations_iPad = "UIInterfaceOrientationPortrait UIInterfaceOrientationPortraitUpsideDown UIInterfaceOrientationLandscapeLeft UIInterfaceOrientationLandscapeRight";
				INFOPLIST_KEY_UISupportedInterfaceOrientations_iPhone = "UIInterfaceOrientationPortrait UIInterfaceOrientationLandscapeLeft UIInterfaceOrientationLandscapeRight";
				LD_RUNPATH_SEARCH_PATHS = (
					"$(inherited)",
					"@executable_path/Frameworks",
				);
				MARKETING_VERSION = 1.0;
				PRODUCT_BUNDLE_IDENTIFIER = KWK.MiniProject2;
				PRODUCT_NAME = "$(TARGET_NAME)";
				SWIFT_EMIT_LOC_STRINGS = YES;
				SWIFT_VERSION = 5.0;
				TARGETED_DEVICE_FAMILY = "1,2";
			};
			name = Release;
		};
		BD66C5862892FE88000F68E9 /* Debug */ = {
			isa = XCBuildConfiguration;
			buildSettings = {
				ALWAYS_EMBED_SWIFT_STANDARD_LIBRARIES = YES;
				BUNDLE_LOADER = "$(TEST_HOST)";
				CODE_SIGN_STYLE = Automatic;
				CURRENT_PROJECT_VERSION = 1;
				GENERATE_INFOPLIST_FILE = YES;
				IPHONEOS_DEPLOYMENT_TARGET = 15.5;
				MARKETING_VERSION = 1.0;
				PRODUCT_BUNDLE_IDENTIFIER = KWK.MiniProject2Tests;
				PRODUCT_NAME = "$(TARGET_NAME)";
				SWIFT_EMIT_LOC_STRINGS = NO;
				SWIFT_VERSION = 5.0;
				TARGETED_DEVICE_FAMILY = "1,2";
				TEST_HOST = "$(BUILT_PRODUCTS_DIR)/MiniProject2.app/MiniProject2";
			};
			name = Debug;
		};
		BD66C5872892FE88000F68E9 /* Release */ = {
			isa = XCBuildConfiguration;
			buildSettings = {
				ALWAYS_EMBED_SWIFT_STANDARD_LIBRARIES = YES;
				BUNDLE_LOADER = "$(TEST_HOST)";
				CODE_SIGN_STYLE = Automatic;
				CURRENT_PROJECT_VERSION = 1;
				GENERATE_INFOPLIST_FILE = YES;
				IPHONEOS_DEPLOYMENT_TARGET = 15.5;
				MARKETING_VERSION = 1.0;
				PRODUCT_BUNDLE_IDENTIFIER = KWK.MiniProject2Tests;
				PRODUCT_NAME = "$(TARGET_NAME)";
				SWIFT_EMIT_LOC_STRINGS = NO;
				SWIFT_VERSION = 5.0;
				TARGETED_DEVICE_FAMILY = "1,2";
				TEST_HOST = "$(BUILT_PRODUCTS_DIR)/MiniProject2.app/MiniProject2";
			};
			name = Release;
		};
		BD66C5892892FE88000F68E9 /* Debug */ = {
			isa = XCBuildConfiguration;
			buildSettings = {
				ALWAYS_EMBED_SWIFT_STANDARD_LIBRARIES = YES;
				CODE_SIGN_STYLE = Automatic;
				CURRENT_PROJECT_VERSION = 1;
				GENERATE_INFOPLIST_FILE = YES;
				MARKETING_VERSION = 1.0;
				PRODUCT_BUNDLE_IDENTIFIER = KWK.MiniProject2UITests;
				PRODUCT_NAME = "$(TARGET_NAME)";
				SWIFT_EMIT_LOC_STRINGS = NO;
				SWIFT_VERSION = 5.0;
				TARGETED_DEVICE_FAMILY = "1,2";
				TEST_TARGET_NAME = MiniProject2;
			};
			name = Debug;
		};
		BD66C58A2892FE88000F68E9 /* Release */ = {
			isa = XCBuildConfiguration;
			buildSettings = {
				ALWAYS_EMBED_SWIFT_STANDARD_LIBRARIES = YES;
				CODE_SIGN_STYLE = Automatic;
				CURRENT_PROJECT_VERSION = 1;
				GENERATE_INFOPLIST_FILE = YES;
				MARKETING_VERSION = 1.0;
				PRODUCT_BUNDLE_IDENTIFIER = KWK.MiniProject2UITests;
				PRODUCT_NAME = "$(TARGET_NAME)";
				SWIFT_EMIT_LOC_STRINGS = NO;
				SWIFT_VERSION = 5.0;
				TARGETED_DEVICE_FAMILY = "1,2";
				TEST_TARGET_NAME = MiniProject2;
			};
			name = Release;
		};
/* End XCBuildConfiguration section */

/* Begin XCConfigurationList section */
		BD66C5502892FE86000F68E9 /* Build configuration list for PBXProject "MiniProject2" */ = {
			isa = XCConfigurationList;
			buildConfigurations = (
				BD66C5802892FE88000F68E9 /* Debug */,
				BD66C5812892FE88000F68E9 /* Release */,
			);
			defaultConfigurationIsVisible = 0;
			defaultConfigurationName = Release;
		};
		BD66C5822892FE88000F68E9 /* Build configuration list for PBXNativeTarget "MiniProject2" */ = {
			isa = XCConfigurationList;
			buildConfigurations = (
				BD66C5832892FE88000F68E9 /* Debug */,
				BD66C5842892FE88000F68E9 /* Release */,
			);
			defaultConfigurationIsVisible = 0;
			defaultConfigurationName = Release;
		};
		BD66C5852892FE88000F68E9 /* Build configuration list for PBXNativeTarget "MiniProject2Tests" */ = {
			isa = XCConfigurationList;
			buildConfigurations = (
				BD66C5862892FE88000F68E9 /* Debug */,
				BD66C5872892FE88000F68E9 /* Release */,
			);
			defaultConfigurationIsVisible = 0;
			defaultConfigurationName = Release;
		};
		BD66C5882892FE88000F68E9 /* Build configuration list for PBXNativeTarget "MiniProject2UITests" */ = {
			isa = XCConfigurationList;
			buildConfigurations = (
				BD66C5892892FE88000F68E9 /* Debug */,
				BD66C58A2892FE88000F68E9 /* Release */,
			);
			defaultConfigurationIsVisible = 0;
			defaultConfigurationName = Release;
		};
/* End XCConfigurationList section */

/* Begin XCVersionGroup section */
		BD66C5612892FE86000F68E9 /* MiniProject2.xcdatamodeld */ = {
			isa = XCVersionGroup;
			children = (
				BD66C5622892FE86000F68E9 /* MiniProject2.xcdatamodel */,
			);
			currentVersion = BD66C5622892FE86000F68E9 /* MiniProject2.xcdatamodel */;
			path = MiniProject2.xcdatamodeld;
			sourceTree = "<group>";
			versionGroupType = wrapper.xcdatamodel;
		};
/* End XCVersionGroup section */
	};
	rootObject = BD66C54D2892FE86000F68E9 /* Project object */;
}
